
Microsoft Visual Studio Solution File, Format Version 12.00
# Visual Studio Version 16
VisualStudioVersion = 16.0.29102.190
MinimumVisualStudioVersion = 10.0.40219.1
Project("{FAE04EC0-301F-11D3-BF4B-00C04F79EFBC}") = "A3_1", "A3_1.csproj", "{EEFF6B09-3292-4A4A-BACB-71C93F8719C8}"
EndProject
Global
	GlobalSection(SolutionConfigurationPlatforms) = preSolution
		Debug|Any CPU = Debug|Any CPU
		Release|Any CPU = Release|Any CPU
	EndGlobalSection
	GlobalSection(ProjectConfigurationPlatforms) = postSolution
		{EEFF6B09-3292-4A4A-BACB-71C93F8719C8}.Debug|Any CPU.ActiveCfg = Debug|Any CPU
		{EEFF6B09-3292-4A4A-BACB-71C93F8719C8}.Debug|Any CPU.Build.0 = Debug|Any CPU
		{EEFF6B09-3292-4A4A-BACB-71C93F8719C8}.Release|Any CPU.ActiveCfg = Release|Any CPU
		{EEFF6B09-3292-4A4A-BACB-71C93F8719C8}.Release|Any CPU.Build.0 = Release|Any CPU
	EndGlobalSection
	GlobalSection(SolutionProperties) = preSolution
		HideSolutionNode = FALSE
	EndGlobalSection
	GlobalSection(ExtensibilityGlobals) = postSolution
		SolutionGuid = {65C1B1F1-4FD3-492B-B06A-128BE2CC1D15}
	EndGlobalSection
EndGlobal
