
Microsoft Visual Studio Solution File, Format Version 12.00
# Visual Studio Version 16
VisualStudioVersion = 16.0.29102.190
MinimumVisualStudioVersion = 10.0.40219.1
Project("{FAE04EC0-301F-11D3-BF4B-00C04F79EFBC}") = "A4_1", "A4_1.csproj", "{F674D67D-3EF0-437A-917D-B39E79DAEB65}"
EndProject
Global
	GlobalSection(SolutionConfigurationPlatforms) = preSolution
		Debug|Any CPU = Debug|Any CPU
		Release|Any CPU = Release|Any CPU
	EndGlobalSection
	GlobalSection(ProjectConfigurationPlatforms) = postSolution
		{F674D67D-3EF0-437A-917D-B39E79DAEB65}.Debug|Any CPU.ActiveCfg = Debug|Any CPU
		{F674D67D-3EF0-437A-917D-B39E79DAEB65}.Debug|Any CPU.Build.0 = Debug|Any CPU
		{F674D67D-3EF0-437A-917D-B39E79DAEB65}.Release|Any CPU.ActiveCfg = Release|Any CPU
		{F674D67D-3EF0-437A-917D-B39E79DAEB65}.Release|Any CPU.Build.0 = Release|Any CPU
	EndGlobalSection
	GlobalSection(SolutionProperties) = preSolution
		HideSolutionNode = FALSE
	EndGlobalSection
	GlobalSection(ExtensibilityGlobals) = postSolution
		SolutionGuid = {B2F6EDDD-C9B6-4433-9E7F-13F295B31530}
	EndGlobalSection
EndGlobal
